
Microsoft Visual Studio Solution File, Format Version 12.00
# Visual Studio Version 17
VisualStudioVersion = 17.5.33516.290
MinimumVisualStudioVersion = 10.0.40219.1
Project("{FAE04EC0-301F-11D3-BF4B-00C04F79EFBC}") = "ProyectoSeguridad", "ProyectoSeguridad\ProyectoSeguridad.csproj", "{A80663B3-1510-497B-93EB-1343E5499A94}"
EndProject
Global
	GlobalSection(SolutionConfigurationPlatforms) = preSolution
		Debug|Any CPU = Debug|Any CPU
		Release|Any CPU = Release|Any CPU
	EndGlobalSection
	GlobalSection(ProjectConfigurationPlatforms) = postSolution
		{A80663B3-1510-497B-93EB-1343E5499A94}.Debug|Any CPU.ActiveCfg = Debug|Any CPU
		{A80663B3-1510-497B-93EB-1343E5499A94}.Debug|Any CPU.Build.0 = Debug|Any CPU
		{A80663B3-1510-497B-93EB-1343E5499A94}.Release|Any CPU.ActiveCfg = Release|Any CPU
		{A80663B3-1510-497B-93EB-1343E5499A94}.Release|Any CPU.Build.0 = Release|Any CPU
	EndGlobalSection
	GlobalSection(SolutionProperties) = preSolution
		HideSolutionNode = FALSE
	EndGlobalSection
	GlobalSection(ExtensibilityGlobals) = postSolution
		SolutionGuid = {33E74896-6644-48AB-9FB8-6A2E26C5D6F5}
	EndGlobalSection
EndGlobal
